// !$*UTF8*$!
{
	archiveVersion = 1;
	classes = {
	};
	objectVersion = 50;
	objects = {

/* Begin PBXBuildFile section */
		C011D7E9269F7A0E00EE5C70 /* RestaurantModel.swift in Sources */ = {isa = PBXBuildFile; fileRef = C011D7E8269F7A0E00EE5C70 /* RestaurantModel.swift */; };
		C011D7EB269F7EFB00EE5C70 /* DataMock.swift in Sources */ = {isa = PBXBuildFile; fileRef = C011D7EA269F7EFB00EE5C70 /* DataMock.swift */; };
		C011D7EE269F82EE00EE5C70 /* restaurants.json in Resources */ = {isa = PBXBuildFile; fileRef = C011D7ED269F82EE00EE5C70 /* restaurants.json */; };
		C011D7F0269F938E00EE5C70 /* CustomColors.swift in Sources */ = {isa = PBXBuildFile; fileRef = C011D7EF269F938E00EE5C70 /* CustomColors.swift */; };
		C020B73826923F110077CAF6 /* Tests_iOS.swift in Sources */ = {isa = PBXBuildFile; fileRef = C020B73726923F110077CAF6 /* Tests_iOS.swift */; };
		C020B74326923F110077CAF6 /* Tests_macOS.swift in Sources */ = {isa = PBXBuildFile; fileRef = C020B74226923F110077CAF6 /* Tests_macOS.swift */; };
		C020B74526923F110077CAF6 /* testAgiBankApp.swift in Sources */ = {isa = PBXBuildFile; fileRef = C020B71C26923F0E0077CAF6 /* testAgiBankApp.swift */; };
		C020B74626923F110077CAF6 /* testAgiBankApp.swift in Sources */ = {isa = PBXBuildFile; fileRef = C020B71C26923F0E0077CAF6 /* testAgiBankApp.swift */; };
		C020B74726923F110077CAF6 /* ContentView.swift in Sources */ = {isa = PBXBuildFile; fileRef = C020B71D26923F0E0077CAF6 /* ContentView.swift */; };
		C020B74826923F110077CAF6 /* ContentView.swift in Sources */ = {isa = PBXBuildFile; fileRef = C020B71D26923F0E0077CAF6 /* ContentView.swift */; };
		C020B74926923F110077CAF6 /* Assets.xcassets in Resources */ = {isa = PBXBuildFile; fileRef = C020B71E26923F110077CAF6 /* Assets.xcassets */; };
		C020B74A26923F110077CAF6 /* Assets.xcassets in Resources */ = {isa = PBXBuildFile; fileRef = C020B71E26923F110077CAF6 /* Assets.xcassets */; };
		C04355B8269DF374000893C5 /* ItemRestaurant.swift in Sources */ = {isa = PBXBuildFile; fileRef = C04355B7269DF374000893C5 /* ItemRestaurant.swift */; };
		C04355BA269DF5E4000893C5 /* Localizable.strings in Resources */ = {isa = PBXBuildFile; fileRef = C04355B9269DF5E4000893C5 /* Localizable.strings */; };
/* End PBXBuildFile section */

/* Begin PBXContainerItemProxy section */
		C020B73426923F110077CAF6 /* PBXContainerItemProxy */ = {
			isa = PBXContainerItemProxy;
			containerPortal = C020B71726923F0E0077CAF6 /* Project object */;
			proxyType = 1;
			remoteGlobalIDString = C020B72226923F110077CAF6;
			remoteInfo = "testAgiBank (iOS)";
		};
		C020B73F26923F110077CAF6 /* PBXContainerItemProxy */ = {
			isa = PBXContainerItemProxy;
			containerPortal = C020B71726923F0E0077CAF6 /* Project object */;
			proxyType = 1;
			remoteGlobalIDString = C020B72A26923F110077CAF6;
			remoteInfo = "testAgiBank (macOS)";
		};
/* End PBXContainerItemProxy section */

/* Begin PBXFileReference section */
		C011D7E8269F7A0E00EE5C70 /* RestaurantModel.swift */ = {isa = PBXFileReference; lastKnownFileType = sourcecode.swift; path = RestaurantModel.swift; sourceTree = "<group>"; };
		C011D7EA269F7EFB00EE5C70 /* DataMock.swift */ = {isa = PBXFileReference; lastKnownFileType = sourcecode.swift; path = DataMock.swift; sourceTree = "<group>"; };
		C011D7ED269F82EE00EE5C70 /* restaurants.json */ = {isa = PBXFileReference; fileEncoding = 4; lastKnownFileType = text.json; path = restaurants.json; sourceTree = "<group>"; };
		C011D7EF269F938E00EE5C70 /* CustomColors.swift */ = {isa = PBXFileReference; lastKnownFileType = sourcecode.swift; path = CustomColors.swift; sourceTree = "<group>"; };
		C020B71C26923F0E0077CAF6 /* testAgiBankApp.swift */ = {isa = PBXFileReference; lastKnownFileType = sourcecode.swift; path = testAgiBankApp.swift; sourceTree = "<group>"; };
		C020B71D26923F0E0077CAF6 /* ContentView.swift */ = {isa = PBXFileReference; lastKnownFileType = sourcecode.swift; path = ContentView.swift; sourceTree = "<group>"; };
		C020B71E26923F110077CAF6 /* Assets.xcassets */ = {isa = PBXFileReference; lastKnownFileType = folder.assetcatalog; path = Assets.xcassets; sourceTree = "<group>"; };
		C020B72326923F110077CAF6 /* knightFood.app */ = {isa = PBXFileReference; explicitFileType = wrapper.application; includeInIndex = 0; path = knightFood.app; sourceTree = BUILT_PRODUCTS_DIR; };
		C020B72626923F110077CAF6 /* Info.plist */ = {isa = PBXFileReference; lastKnownFileType = text.plist.xml; path = Info.plist; sourceTree = "<group>"; };
		C020B72B26923F110077CAF6 /* knightFood.app */ = {isa = PBXFileReference; explicitFileType = wrapper.application; includeInIndex = 0; path = knightFood.app; sourceTree = BUILT_PRODUCTS_DIR; };
		C020B72D26923F110077CAF6 /* Info.plist */ = {isa = PBXFileReference; lastKnownFileType = text.plist.xml; path = Info.plist; sourceTree = "<group>"; };
		C020B72E26923F110077CAF6 /* macOS.entitlements */ = {isa = PBXFileReference; lastKnownFileType = text.plist.entitlements; path = macOS.entitlements; sourceTree = "<group>"; };
		C020B73326923F110077CAF6 /* Tests iOS.xctest */ = {isa = PBXFileReference; explicitFileType = wrapper.cfbundle; includeInIndex = 0; path = "Tests iOS.xctest"; sourceTree = BUILT_PRODUCTS_DIR; };
		C020B73726923F110077CAF6 /* Tests_iOS.swift */ = {isa = PBXFileReference; lastKnownFileType = sourcecode.swift; path = Tests_iOS.swift; sourceTree = "<group>"; };
		C020B73926923F110077CAF6 /* Info.plist */ = {isa = PBXFileReference; lastKnownFileType = text.plist.xml; path = Info.plist; sourceTree = "<group>"; };
		C020B73E26923F110077CAF6 /* Tests macOS.xctest */ = {isa = PBXFileReference; explicitFileType = wrapper.cfbundle; includeInIndex = 0; path = "Tests macOS.xctest"; sourceTree = BUILT_PRODUCTS_DIR; };
		C020B74226923F110077CAF6 /* Tests_macOS.swift */ = {isa = PBXFileReference; lastKnownFileType = sourcecode.swift; path = Tests_macOS.swift; sourceTree = "<group>"; };
		C020B74426923F110077CAF6 /* Info.plist */ = {isa = PBXFileReference; lastKnownFileType = text.plist.xml; path = Info.plist; sourceTree = "<group>"; };
		C04355B7269DF374000893C5 /* ItemRestaurant.swift */ = {isa = PBXFileReference; lastKnownFileType = sourcecode.swift; path = ItemRestaurant.swift; sourceTree = "<group>"; };
		C04355B9269DF5E4000893C5 /* Localizable.strings */ = {isa = PBXFileReference; lastKnownFileType = text.plist.strings; path = Localizable.strings; sourceTree = "<group>"; };
/* End PBXFileReference section */

/* Begin PBXFrameworksBuildPhase section */
		C020B72026923F110077CAF6 /* Frameworks */ = {
			isa = PBXFrameworksBuildPhase;
			buildActionMask = 2147483647;
			files = (
			);
			runOnlyForDeploymentPostprocessing = 0;
		};
		C020B72826923F110077CAF6 /* Frameworks */ = {
			isa = PBXFrameworksBuildPhase;
			buildActionMask = 2147483647;
			files = (
			);
			runOnlyForDeploymentPostprocessing = 0;
		};
		C020B73026923F110077CAF6 /* Frameworks */ = {
			isa = PBXFrameworksBuildPhase;
			buildActionMask = 2147483647;
			files = (
			);
			runOnlyForDeploymentPostprocessing = 0;
		};
		C020B73B26923F110077CAF6 /* Frameworks */ = {
			isa = PBXFrameworksBuildPhase;
			buildActionMask = 2147483647;
			files = (
			);
			runOnlyForDeploymentPostprocessing = 0;
		};
/* End PBXFrameworksBuildPhase section */

/* Begin PBXGroup section */
		C011D7E7269F79E000EE5C70 /* Model */ = {
			isa = PBXGroup;
			children = (
				C011D7E8269F7A0E00EE5C70 /* RestaurantModel.swift */,
				C011D7EA269F7EFB00EE5C70 /* DataMock.swift */,
			);
			path = Model;
			sourceTree = "<group>";
		};
		C011D7EC269F81A500EE5C70 /* Resources */ = {
			isa = PBXGroup;
			children = (
				C011D7ED269F82EE00EE5C70 /* restaurants.json */,
			);
			path = Resources;
			sourceTree = "<group>";
		};
		C020B71626923F0E0077CAF6 = {
			isa = PBXGroup;
			children = (
				C020B71B26923F0E0077CAF6 /* Shared */,
				C020B72526923F110077CAF6 /* iOS */,
				C020B72C26923F110077CAF6 /* macOS */,
				C020B73626923F110077CAF6 /* Tests iOS */,
				C020B74126923F110077CAF6 /* Tests macOS */,
				C020B72426923F110077CAF6 /* Products */,
			);
			sourceTree = "<group>";
		};
		C020B71B26923F0E0077CAF6 /* Shared */ = {
			isa = PBXGroup;
			children = (
				C011D7EC269F81A500EE5C70 /* Resources */,
				C011D7E7269F79E000EE5C70 /* Model */,
				C04355B6269DF34D000893C5 /* UIComponents */,
				C020B71C26923F0E0077CAF6 /* testAgiBankApp.swift */,
				C020B71D26923F0E0077CAF6 /* ContentView.swift */,
				C020B71E26923F110077CAF6 /* Assets.xcassets */,
				C04355B9269DF5E4000893C5 /* Localizable.strings */,
			);
			path = Shared;
			sourceTree = "<group>";
		};
		C020B72426923F110077CAF6 /* Products */ = {
			isa = PBXGroup;
			children = (
				C020B72326923F110077CAF6 /* knightFood.app */,
				C020B72B26923F110077CAF6 /* knightFood.app */,
				C020B73326923F110077CAF6 /* Tests iOS.xctest */,
				C020B73E26923F110077CAF6 /* Tests macOS.xctest */,
			);
			name = Products;
			sourceTree = "<group>";
		};
		C020B72526923F110077CAF6 /* iOS */ = {
			isa = PBXGroup;
			children = (
				C020B72626923F110077CAF6 /* Info.plist */,
			);
			path = iOS;
			sourceTree = "<group>";
		};
		C020B72C26923F110077CAF6 /* macOS */ = {
			isa = PBXGroup;
			children = (
				C020B72D26923F110077CAF6 /* Info.plist */,
				C020B72E26923F110077CAF6 /* macOS.entitlements */,
			);
			path = macOS;
			sourceTree = "<group>";
		};
		C020B73626923F110077CAF6 /* Tests iOS */ = {
			isa = PBXGroup;
			children = (
				C020B73726923F110077CAF6 /* Tests_iOS.swift */,
				C020B73926923F110077CAF6 /* Info.plist */,
			);
			path = "Tests iOS";
			sourceTree = "<group>";
		};
		C020B74126923F110077CAF6 /* Tests macOS */ = {
			isa = PBXGroup;
			children = (
				C020B74226923F110077CAF6 /* Tests_macOS.swift */,
				C020B74426923F110077CAF6 /* Info.plist */,
			);
			path = "Tests macOS";
			sourceTree = "<group>";
		};
		C04355B6269DF34D000893C5 /* UIComponents */ = {
			isa = PBXGroup;
			children = (
				C04355B7269DF374000893C5 /* ItemRestaurant.swift */,
				C011D7EF269F938E00EE5C70 /* CustomColors.swift */,
			);
			path = UIComponents;
			sourceTree = "<group>";
		};
/* End PBXGroup section */

/* Begin PBXNativeTarget section */
		C020B72226923F110077CAF6 /* knightFood (iOS) */ = {
			isa = PBXNativeTarget;
			buildConfigurationList = C020B74D26923F110077CAF6 /* Build configuration list for PBXNativeTarget "knightFood (iOS)" */;
			buildPhases = (
				C020B71F26923F110077CAF6 /* Sources */,
				C020B72026923F110077CAF6 /* Frameworks */,
				C020B72126923F110077CAF6 /* Resources */,
			);
			buildRules = (
			);
			dependencies = (
			);
			name = "knightFood (iOS)";
			productName = "testAgiBank (iOS)";
			productReference = C020B72326923F110077CAF6 /* knightFood.app */;
			productType = "com.apple.product-type.application";
		};
		C020B72A26923F110077CAF6 /* knightFood (macOS) */ = {
			isa = PBXNativeTarget;
			buildConfigurationList = C020B75026923F110077CAF6 /* Build configuration list for PBXNativeTarget "knightFood (macOS)" */;
			buildPhases = (
				C020B72726923F110077CAF6 /* Sources */,
				C020B72826923F110077CAF6 /* Frameworks */,
				C020B72926923F110077CAF6 /* Resources */,
			);
			buildRules = (
			);
			dependencies = (
			);
			name = "knightFood (macOS)";
			productName = "testAgiBank (macOS)";
			productReference = C020B72B26923F110077CAF6 /* knightFood.app */;
			productType = "com.apple.product-type.application";
		};
		C020B73226923F110077CAF6 /* Tests iOS */ = {
			isa = PBXNativeTarget;
			buildConfigurationList = C020B75326923F110077CAF6 /* Build configuration list for PBXNativeTarget "Tests iOS" */;
			buildPhases = (
				C020B72F26923F110077CAF6 /* Sources */,
				C020B73026923F110077CAF6 /* Frameworks */,
				C020B73126923F110077CAF6 /* Resources */,
			);
			buildRules = (
			);
			dependencies = (
				C020B73526923F110077CAF6 /* PBXTargetDependency */,
			);
			name = "Tests iOS";
			productName = "Tests iOS";
			productReference = C020B73326923F110077CAF6 /* Tests iOS.xctest */;
			productType = "com.apple.product-type.bundle.ui-testing";
		};
		C020B73D26923F110077CAF6 /* Tests macOS */ = {
			isa = PBXNativeTarget;
			buildConfigurationList = C020B75626923F110077CAF6 /* Build configuration list for PBXNativeTarget "Tests macOS" */;
			buildPhases = (
				C020B73A26923F110077CAF6 /* Sources */,
				C020B73B26923F110077CAF6 /* Frameworks */,
				C020B73C26923F110077CAF6 /* Resources */,
			);
			buildRules = (
			);
			dependencies = (
				C020B74026923F110077CAF6 /* PBXTargetDependency */,
			);
			name = "Tests macOS";
			productName = "Tests macOS";
			productReference = C020B73E26923F110077CAF6 /* Tests macOS.xctest */;
			productType = "com.apple.product-type.bundle.ui-testing";
		};
/* End PBXNativeTarget section */

/* Begin PBXProject section */
		C020B71726923F0E0077CAF6 /* Project object */ = {
			isa = PBXProject;
			attributes = {
				LastSwiftUpdateCheck = 1250;
				LastUpgradeCheck = 1250;
				TargetAttributes = {
					C020B72226923F110077CAF6 = {
						CreatedOnToolsVersion = 12.5.1;
					};
					C020B72A26923F110077CAF6 = {
						CreatedOnToolsVersion = 12.5.1;
					};
					C020B73226923F110077CAF6 = {
						CreatedOnToolsVersion = 12.5.1;
						TestTargetID = C020B72226923F110077CAF6;
					};
					C020B73D26923F110077CAF6 = {
						CreatedOnToolsVersion = 12.5.1;
						TestTargetID = C020B72A26923F110077CAF6;
					};
				};
			};
			buildConfigurationList = C020B71A26923F0E0077CAF6 /* Build configuration list for PBXProject "knightFood" */;
			compatibilityVersion = "Xcode 9.3";
			developmentRegion = en;
			hasScannedForEncodings = 0;
			knownRegions = (
				en,
				Base,
			);
			mainGroup = C020B71626923F0E0077CAF6;
			productRefGroup = C020B72426923F110077CAF6 /* Products */;
			projectDirPath = "";
			projectRoot = "";
			targets = (
				C020B72226923F110077CAF6 /* knightFood (iOS) */,
				C020B72A26923F110077CAF6 /* knightFood (macOS) */,
				C020B73226923F110077CAF6 /* Tests iOS */,
				C020B73D26923F110077CAF6 /* Tests macOS */,
			);
		};
/* End PBXProject section */

/* Begin PBXResourcesBuildPhase section */
		C020B72126923F110077CAF6 /* Resources */ = {
			isa = PBXResourcesBuildPhase;
			buildActionMask = 2147483647;
			files = (
				C020B74926923F110077CAF6 /* Assets.xcassets in Resources */,
				C011D7EE269F82EE00EE5C70 /* restaurants.json in Resources */,
				C04355BA269DF5E4000893C5 /* Localizable.strings in Resources */,
			);
			runOnlyForDeploymentPostprocessing = 0;
		};
		C020B72926923F110077CAF6 /* Resources */ = {
			isa = PBXResourcesBuildPhase;
			buildActionMask = 2147483647;
			files = (
				C020B74A26923F110077CAF6 /* Assets.xcassets in Resources */,
			);
			runOnlyForDeploymentPostprocessing = 0;
		};
		C020B73126923F110077CAF6 /* Resources */ = {
			isa = PBXResourcesBuildPhase;
			buildActionMask = 2147483647;
			files = (
			);
			runOnlyForDeploymentPostprocessing = 0;
		};
		C020B73C26923F110077CAF6 /* Resources */ = {
			isa = PBXResourcesBuildPhase;
			buildActionMask = 2147483647;
			files = (
			);
			runOnlyForDeploymentPostprocessing = 0;
		};
/* End PBXResourcesBuildPhase section */

/* Begin PBXSourcesBuildPhase section */
		C020B71F26923F110077CAF6 /* Sources */ = {
			isa = PBXSourcesBuildPhase;
			buildActionMask = 2147483647;
			files = (
				C020B74726923F110077CAF6 /* ContentView.swift in Sources */,
				C020B74526923F110077CAF6 /* testAgiBankApp.swift in Sources */,
				C011D7E9269F7A0E00EE5C70 /* RestaurantModel.swift in Sources */,
				C04355B8269DF374000893C5 /* ItemRestaurant.swift in Sources */,
				C011D7F0269F938E00EE5C70 /* CustomColors.swift in Sources */,
				C011D7EB269F7EFB00EE5C70 /* DataMock.swift in Sources */,
			);
			runOnlyForDeploymentPostprocessing = 0;
		};
		C020B72726923F110077CAF6 /* Sources */ = {
			isa = PBXSourcesBuildPhase;
			buildActionMask = 2147483647;
			files = (
				C020B74826923F110077CAF6 /* ContentView.swift in Sources */,
				C020B74626923F110077CAF6 /* testAgiBankApp.swift in Sources */,
			);
			runOnlyForDeploymentPostprocessing = 0;
		};
		C020B72F26923F110077CAF6 /* Sources */ = {
			isa = PBXSourcesBuildPhase;
			buildActionMask = 2147483647;
			files = (
				C020B73826923F110077CAF6 /* Tests_iOS.swift in Sources */,
			);
			runOnlyForDeploymentPostprocessing = 0;
		};
		C020B73A26923F110077CAF6 /* Sources */ = {
			isa = PBXSourcesBuildPhase;
			buildActionMask = 2147483647;
			files = (
				C020B74326923F110077CAF6 /* Tests_macOS.swift in Sources */,
			);
			runOnlyForDeploymentPostprocessing = 0;
		};
/* End PBXSourcesBuildPhase section */

/* Begin PBXTargetDependency section */
		C020B73526923F110077CAF6 /* PBXTargetDependency */ = {
			isa = PBXTargetDependency;
			target = C020B72226923F110077CAF6 /* knightFood (iOS) */;
			targetProxy = C020B73426923F110077CAF6 /* PBXContainerItemProxy */;
		};
		C020B74026923F110077CAF6 /* PBXTargetDependency */ = {
			isa = PBXTargetDependency;
			target = C020B72A26923F110077CAF6 /* knightFood (macOS) */;
			targetProxy = C020B73F26923F110077CAF6 /* PBXContainerItemProxy */;
		};
/* End PBXTargetDependency section */

/* Begin XCBuildConfiguration section */
		C020B74B26923F110077CAF6 /* Debug */ = {
			isa = XCBuildConfiguration;
			buildSettings = {
				ALWAYS_SEARCH_USER_PATHS = NO;
				CLANG_ANALYZER_NONNULL = YES;
				CLANG_ANALYZER_NUMBER_OBJECT_CONVERSION = YES_AGGRESSIVE;
				CLANG_CXX_LANGUAGE_STANDARD = "gnu++14";
				CLANG_CXX_LIBRARY = "libc++";
				CLANG_ENABLE_MODULES = YES;
				CLANG_ENABLE_OBJC_ARC = YES;
				CLANG_ENABLE_OBJC_WEAK = YES;
				CLANG_WARN_BLOCK_CAPTURE_AUTORELEASING = YES;
				CLANG_WARN_BOOL_CONVERSION = YES;
				CLANG_WARN_COMMA = YES;
				CLANG_WARN_CONSTANT_CONVERSION = YES;
				CLANG_WARN_DEPRECATED_OBJC_IMPLEMENTATIONS = YES;
				CLANG_WARN_DIRECT_OBJC_ISA_USAGE = YES_ERROR;
				CLANG_WARN_DOCUMENTATION_COMMENTS = YES;
				CLANG_WARN_EMPTY_BODY = YES;
				CLANG_WARN_ENUM_CONVERSION = YES;
				CLANG_WARN_INFINITE_RECURSION = YES;
				CLANG_WARN_INT_CONVERSION = YES;
				CLANG_WARN_NON_LITERAL_NULL_CONVERSION = YES;
				CLANG_WARN_OBJC_IMPLICIT_RETAIN_SELF = YES;
				CLANG_WARN_OBJC_LITERAL_CONVERSION = YES;
				CLANG_WARN_OBJC_ROOT_CLASS = YES_ERROR;
				CLANG_WARN_QUOTED_INCLUDE_IN_FRAMEWORK_HEADER = YES;
				CLANG_WARN_RANGE_LOOP_ANALYSIS = YES;
				CLANG_WARN_STRICT_PROTOTYPES = YES;
				CLANG_WARN_SUSPICIOUS_MOVE = YES;
				CLANG_WARN_UNGUARDED_AVAILABILITY = YES_AGGRESSIVE;
				CLANG_WARN_UNREACHABLE_CODE = YES;
				CLANG_WARN__DUPLICATE_METHOD_MATCH = YES;
				COPY_PHASE_STRIP = NO;
				DEBUG_INFORMATION_FORMAT = dwarf;
				ENABLE_STRICT_OBJC_MSGSEND = YES;
				ENABLE_TESTABILITY = YES;
				GCC_C_LANGUAGE_STANDARD = gnu11;
				GCC_DYNAMIC_NO_PIC = NO;
				GCC_NO_COMMON_BLOCKS = YES;
				GCC_OPTIMIZATION_LEVEL = 0;
				GCC_PREPROCESSOR_DEFINITIONS = (
					"DEBUG=1",
					"$(inherited)",
				);
				GCC_WARN_64_TO_32_BIT_CONVERSION = YES;
				GCC_WARN_ABOUT_RETURN_TYPE = YES_ERROR;
				GCC_WARN_UNDECLARED_SELECTOR = YES;
				GCC_WARN_UNINITIALIZED_AUTOS = YES_AGGRESSIVE;
				GCC_WARN_UNUSED_FUNCTION = YES;
				GCC_WARN_UNUSED_VARIABLE = YES;
				MTL_ENABLE_DEBUG_INFO = INCLUDE_SOURCE;
				MTL_FAST_MATH = YES;
				ONLY_ACTIVE_ARCH = YES;
				SWIFT_ACTIVE_COMPILATION_CONDITIONS = DEBUG;
				SWIFT_OPTIMIZATION_LEVEL = "-Onone";
			};
			name = Debug;
		};
		C020B74C26923F110077CAF6 /* Release */ = {
			isa = XCBuildConfiguration;
			buildSettings = {
				ALWAYS_SEARCH_USER_PATHS = NO;
				CLANG_ANALYZER_NONNULL = YES;
				CLANG_ANALYZER_NUMBER_OBJECT_CONVERSION = YES_AGGRESSIVE;
				CLANG_CXX_LANGUAGE_STANDARD = "gnu++14";
				CLANG_CXX_LIBRARY = "libc++";
				CLANG_ENABLE_MODULES = YES;
				CLANG_ENABLE_OBJC_ARC = YES;
				CLANG_ENABLE_OBJC_WEAK = YES;
				CLANG_WARN_BLOCK_CAPTURE_AUTORELEASING = YES;
				CLANG_WARN_BOOL_CONVERSION = YES;
				CLANG_WARN_COMMA = YES;
				CLANG_WARN_CONSTANT_CONVERSION = YES;
				CLANG_WARN_DEPRECATED_OBJC_IMPLEMENTATIONS = YES;
				CLANG_WARN_DIRECT_OBJC_ISA_USAGE = YES_ERROR;
				CLANG_WARN_DOCUMENTATION_COMMENTS = YES;
				CLANG_WARN_EMPTY_BODY = YES;
				CLANG_WARN_ENUM_CONVERSION = YES;
				CLANG_WARN_INFINITE_RECURSION = YES;
				CLANG_WARN_INT_CONVERSION = YES;
				CLANG_WARN_NON_LITERAL_NULL_CONVERSION = YES;
				CLANG_WARN_OBJC_IMPLICIT_RETAIN_SELF = YES;
				CLANG_WARN_OBJC_LITERAL_CONVERSION = YES;
				CLANG_WARN_OBJC_ROOT_CLASS = YES_ERROR;
				CLANG_WARN_QUOTED_INCLUDE_IN_FRAMEWORK_HEADER = YES;
				CLANG_WARN_RANGE_LOOP_ANALYSIS = YES;
				CLANG_WARN_STRICT_PROTOTYPES = YES;
				CLANG_WARN_SUSPICIOUS_MOVE = YES;
				CLANG_WARN_UNGUARDED_AVAILABILITY = YES_AGGRESSIVE;
				CLANG_WARN_UNREACHABLE_CODE = YES;
				CLANG_WARN__DUPLICATE_METHOD_MATCH = YES;
				COPY_PHASE_STRIP = NO;
				DEBUG_INFORMATION_FORMAT = "dwarf-with-dsym";
				ENABLE_NS_ASSERTIONS = NO;
				ENABLE_STRICT_OBJC_MSGSEND = YES;
				GCC_C_LANGUAGE_STANDARD = gnu11;
				GCC_NO_COMMON_BLOCKS = YES;
				GCC_WARN_64_TO_32_BIT_CONVERSION = YES;
				GCC_WARN_ABOUT_RETURN_TYPE = YES_ERROR;
				GCC_WARN_UNDECLARED_SELECTOR = YES;
				GCC_WARN_UNINITIALIZED_AUTOS = YES_AGGRESSIVE;
				GCC_WARN_UNUSED_FUNCTION = YES;
				GCC_WARN_UNUSED_VARIABLE = YES;
				MTL_ENABLE_DEBUG_INFO = NO;
				MTL_FAST_MATH = YES;
				SWIFT_COMPILATION_MODE = wholemodule;
				SWIFT_OPTIMIZATION_LEVEL = "-O";
			};
			name = Release;
		};
		C020B74E26923F110077CAF6 /* Debug */ = {
			isa = XCBuildConfiguration;
			buildSettings = {
				ASSETCATALOG_COMPILER_APPICON_NAME = AppIcon;
				ASSETCATALOG_COMPILER_GLOBAL_ACCENT_COLOR_NAME = AccentColor;
				CODE_SIGN_STYLE = Automatic;
				DEVELOPMENT_TEAM = LKRPKK8UKH;
				ENABLE_PREVIEWS = YES;
				INFOPLIST_FILE = iOS/Info.plist;
				IPHONEOS_DEPLOYMENT_TARGET = 14.0;
				LD_RUNPATH_SEARCH_PATHS = (
					"$(inherited)",
					"@executable_path/Frameworks",
				);
				PRODUCT_BUNDLE_IDENTIFIER = com.flavioTeam.testAgiBank;
				PRODUCT_NAME = knightFood;
				SDKROOT = iphoneos;
				SWIFT_VERSION = 5.0;
				TARGETED_DEVICE_FAMILY = "1,2";
			};
			name = Debug;
		};
		C020B74F26923F110077CAF6 /* Release */ = {
			isa = XCBuildConfiguration;
			buildSettings = {
				ASSETCATALOG_COMPILER_APPICON_NAME = AppIcon;
				ASSETCATALOG_COMPILER_GLOBAL_ACCENT_COLOR_NAME = AccentColor;
				CODE_SIGN_STYLE = Automatic;
				DEVELOPMENT_TEAM = LKRPKK8UKH;
				ENABLE_PREVIEWS = YES;
				INFOPLIST_FILE = iOS/Info.plist;
				IPHONEOS_DEPLOYMENT_TARGET = 14.0;
				LD_RUNPATH_SEARCH_PATHS = (
					"$(inherited)",
					"@executable_path/Frameworks",
				);
				PRODUCT_BUNDLE_IDENTIFIER = com.flavioTeam.testAgiBank;
				PRODUCT_NAME = knightFood;
				SDKROOT = iphoneos;
				SWIFT_VERSION = 5.0;
				TARGETED_DEVICE_FAMILY = "1,2";
				VALIDATE_PRODUCT = YES;
			};
			name = Release;
		};
		C020B75126923F110077CAF6 /* Debug */ = {
			isa = XCBuildConfiguration;
			buildSettings = {
				ASSETCATALOG_COMPILER_APPICON_NAME = AppIcon;
				ASSETCATALOG_COMPILER_GLOBAL_ACCENT_COLOR_NAME = AccentColor;
				CODE_SIGN_ENTITLEMENTS = macOS/macOS.entitlements;
				CODE_SIGN_STYLE = Automatic;
				COMBINE_HIDPI_IMAGES = YES;
				DEVELOPMENT_TEAM = LKRPKK8UKH;
				ENABLE_HARDENED_RUNTIME = YES;
				ENABLE_PREVIEWS = YES;
				INFOPLIST_FILE = macOS/Info.plist;
				LD_RUNPATH_SEARCH_PATHS = (
					"$(inherited)",
					"@executable_path/../Frameworks",
				);
				MACOSX_DEPLOYMENT_TARGET = 11.0;
				PRODUCT_BUNDLE_IDENTIFIER = com.flavioTeam.testAgiBank;
				PRODUCT_NAME = knightFood;
				SDKROOT = macosx;
				SWIFT_VERSION = 5.0;
			};
			name = Debug;
		};
		C020B75226923F110077CAF6 /* Release */ = {
			isa = XCBuildConfiguration;
			buildSettings = {
				ASSETCATALOG_COMPILER_APPICON_NAME = AppIcon;
				ASSETCATALOG_COMPILER_GLOBAL_ACCENT_COLOR_NAME = AccentColor;
				CODE_SIGN_ENTITLEMENTS = macOS/macOS.entitlements;
				CODE_SIGN_STYLE = Automatic;
				COMBINE_HIDPI_IMAGES = YES;
				DEVELOPMENT_TEAM = LKRPKK8UKH;
				ENABLE_HARDENED_RUNTIME = YES;
				ENABLE_PREVIEWS = YES;
				INFOPLIST_FILE = macOS/Info.plist;
				LD_RUNPATH_SEARCH_PATHS = (
					"$(inherited)",
					"@executable_path/../Frameworks",
				);
				MACOSX_DEPLOYMENT_TARGET = 11.0;
				PRODUCT_BUNDLE_IDENTIFIER = com.flavioTeam.testAgiBank;
				PRODUCT_NAME = knightFood;
				SDKROOT = macosx;
				SWIFT_VERSION = 5.0;
			};
			name = Release;
		};
		C020B75426923F110077CAF6 /* Debug */ = {
			isa = XCBuildConfiguration;
			buildSettings = {
				ALWAYS_EMBED_SWIFT_STANDARD_LIBRARIES = YES;
				CODE_SIGN_STYLE = Automatic;
				DEVELOPMENT_TEAM = LKRPKK8UKH;
				INFOPLIST_FILE = "Tests iOS/Info.plist";
				IPHONEOS_DEPLOYMENT_TARGET = 14.5;
				LD_RUNPATH_SEARCH_PATHS = (
					"$(inherited)",
					"@executable_path/Frameworks",
					"@loader_path/Frameworks",
				);
				PRODUCT_BUNDLE_IDENTIFIER = "com.flavioTeam.Tests-iOS";
				PRODUCT_NAME = "$(TARGET_NAME)";
				SDKROOT = iphoneos;
				SWIFT_VERSION = 5.0;
				TARGETED_DEVICE_FAMILY = "1,2";
				TEST_TARGET_NAME = "testAgiBank (iOS)";
			};
			name = Debug;
		};
		C020B75526923F110077CAF6 /* Release */ = {
			isa = XCBuildConfiguration;
			buildSettings = {
				ALWAYS_EMBED_SWIFT_STANDARD_LIBRARIES = YES;
				CODE_SIGN_STYLE = Automatic;
				DEVELOPMENT_TEAM = LKRPKK8UKH;
				INFOPLIST_FILE = "Tests iOS/Info.plist";
				IPHONEOS_DEPLOYMENT_TARGET = 14.5;
				LD_RUNPATH_SEARCH_PATHS = (
					"$(inherited)",
					"@executable_path/Frameworks",
					"@loader_path/Frameworks",
				);
				PRODUCT_BUNDLE_IDENTIFIER = "com.flavioTeam.Tests-iOS";
				PRODUCT_NAME = "$(TARGET_NAME)";
				SDKROOT = iphoneos;
				SWIFT_VERSION = 5.0;
				TARGETED_DEVICE_FAMILY = "1,2";
				TEST_TARGET_NAME = "testAgiBank (iOS)";
				VALIDATE_PRODUCT = YES;
			};
			name = Release;
		};
		C020B75726923F110077CAF6 /* Debug */ = {
			isa = XCBuildConfiguration;
			buildSettings = {
				ALWAYS_EMBED_SWIFT_STANDARD_LIBRARIES = YES;
				CODE_SIGN_STYLE = Automatic;
				COMBINE_HIDPI_IMAGES = YES;
				DEVELOPMENT_TEAM = LKRPKK8UKH;
				INFOPLIST_FILE = "Tests macOS/Info.plist";
				LD_RUNPATH_SEARCH_PATHS = (
					"$(inherited)",
					"@executable_path/../Frameworks",
					"@loader_path/../Frameworks",
				);
				MACOSX_DEPLOYMENT_TARGET = 11.3;
				PRODUCT_BUNDLE_IDENTIFIER = "com.flavioTeam.Tests-macOS";
				PRODUCT_NAME = "$(TARGET_NAME)";
				SDKROOT = macosx;
				SWIFT_VERSION = 5.0;
				TEST_TARGET_NAME = "testAgiBank (macOS)";
			};
			name = Debug;
		};
		C020B75826923F110077CAF6 /* Release */ = {
			isa = XCBuildConfiguration;
			buildSettings = {
				ALWAYS_EMBED_SWIFT_STANDARD_LIBRARIES = YES;
				CODE_SIGN_STYLE = Automatic;
				COMBINE_HIDPI_IMAGES = YES;
				DEVELOPMENT_TEAM = LKRPKK8UKH;
				INFOPLIST_FILE = "Tests macOS/Info.plist";
				LD_RUNPATH_SEARCH_PATHS = (
					"$(inherited)",
					"@executable_path/../Frameworks",
					"@loader_path/../Frameworks",
				);
				MACOSX_DEPLOYMENT_TARGET = 11.3;
				PRODUCT_BUNDLE_IDENTIFIER = "com.flavioTeam.Tests-macOS";
				PRODUCT_NAME = "$(TARGET_NAME)";
				SDKROOT = macosx;
				SWIFT_VERSION = 5.0;
				TEST_TARGET_NAME = "testAgiBank (macOS)";
			};
			name = Release;
		};
/* End XCBuildConfiguration section */

/* Begin XCConfigurationList section */
		C020B71A26923F0E0077CAF6 /* Build configuration list for PBXProject "knightFood" */ = {
			isa = XCConfigurationList;
			buildConfigurations = (
				C020B74B26923F110077CAF6 /* Debug */,
				C020B74C26923F110077CAF6 /* Release */,
			);
			defaultConfigurationIsVisible = 0;
			defaultConfigurationName = Release;
		};
		C020B74D26923F110077CAF6 /* Build configuration list for PBXNativeTarget "knightFood (iOS)" */ = {
			isa = XCConfigurationList;
			buildConfigurations = (
				C020B74E26923F110077CAF6 /* Debug */,
				C020B74F26923F110077CAF6 /* Release */,
			);
			defaultConfigurationIsVisible = 0;
			defaultConfigurationName = Release;
		};
		C020B75026923F110077CAF6 /* Build configuration list for PBXNativeTarget "knightFood (macOS)" */ = {
			isa = XCConfigurationList;
			buildConfigurations = (
				C020B75126923F110077CAF6 /* Debug */,
				C020B75226923F110077CAF6 /* Release */,
			);
			defaultConfigurationIsVisible = 0;
			defaultConfigurationName = Release;
		};
		C020B75326923F110077CAF6 /* Build configuration list for PBXNativeTarget "Tests iOS" */ = {
			isa = XCConfigurationList;
			buildConfigurations = (
				C020B75426923F110077CAF6 /* Debug */,
				C020B75526923F110077CAF6 /* Release */,
			);
			defaultConfigurationIsVisible = 0;
			defaultConfigurationName = Release;
		};
		C020B75626923F110077CAF6 /* Build configuration list for PBXNativeTarget "Tests macOS" */ = {
			isa = XCConfigurationList;
			buildConfigurations = (
				C020B75726923F110077CAF6 /* Debug */,
				C020B75826923F110077CAF6 /* Release */,
			);
			defaultConfigurationIsVisible = 0;
			defaultConfigurationName = Release;
		};
/* End XCConfigurationList section */
	};
	rootObject = C020B71726923F0E0077CAF6 /* Project object */;
}
